
Microsoft Visual Studio Solution File, Format Version 12.00
# Visual Studio Version 17
VisualStudioVersion = 17.7.34024.191
MinimumVisualStudioVersion = 10.0.40219.1
Project("{FAE04EC0-301F-11D3-BF4B-00C04F79EFBC}") = "la-mia-pizzeria-static", "la-mia-pizzeria-static.csproj", "{C8D37811-5C63-44B5-9B51-E0AE5514B67A}"
EndProject
Global
	GlobalSection(SolutionConfigurationPlatforms) = preSolution
		Debug|Any CPU = Debug|Any CPU
		Release|Any CPU = Release|Any CPU
	EndGlobalSection
	GlobalSection(ProjectConfigurationPlatforms) = postSolution
		{C8D37811-5C63-44B5-9B51-E0AE5514B67A}.Debug|Any CPU.ActiveCfg = Debug|Any CPU
		{C8D37811-5C63-44B5-9B51-E0AE5514B67A}.Debug|Any CPU.Build.0 = Debug|Any CPU
		{C8D37811-5C63-44B5-9B51-E0AE5514B67A}.Release|Any CPU.ActiveCfg = Release|Any CPU
		{C8D37811-5C63-44B5-9B51-E0AE5514B67A}.Release|Any CPU.Build.0 = Release|Any CPU
	EndGlobalSection
	GlobalSection(SolutionProperties) = preSolution
		HideSolutionNode = FALSE
	EndGlobalSection
	GlobalSection(ExtensibilityGlobals) = postSolution
		SolutionGuid = {35EC1878-83C5-498E-A95F-E3DECB420EE3}
	EndGlobalSection
EndGlobal
